<?xml version="1.0" encoding="utf-8"?>
<Project ToolsVersion="4.0" xmlns="http://schemas.microsoft.com/developer/msbuild/2003">
  <ItemGroup>
    <Filter Include="net">
      <UniqueIdentifier>{1af03fa3-4535-4021-aae6-ba20c9053e56}</UniqueIdentifier>
    </Filter>
    <Filter Include="base">
      <UniqueIdentifier>{b38039ce-2321-48b2-b8a2-065690faf027}</UniqueIdentifier>
    </Filter>
    <Filter Include="fileserversrc">
      <UniqueIdentifier>{c0dc0a70-c533-486c-b6a9-f61f7f2dd741}</UniqueIdentifier>
    </Filter>
    <Filter Include="utils">
      <UniqueIdentifier>{84f3d3f1-22cb-4172-b155-a4a704aef0c0}</UniqueIdentifier>
    </Filter>
  </ItemGroup>
  <ItemGroup>
    <ClCompile Include="..\net\Acceptor.cpp">
      <Filter>net</Filter>
    </ClCompile>
    <ClCompile Include="..\net\Channel.cpp">
      <Filter>net</Filter>
    </ClCompile>
    <ClCompile Include="..\net\Connector.cpp">
      <Filter>net</Filter>
    </ClCompile>
    <ClCompile Include="..\net\EpollPoller.cpp">
      <Filter>net</Filter>
    </ClCompile>
    <ClCompile Include="..\net\EventLoop.cpp">
      <Filter>net</Filter>
    </ClCompile>
    <ClCompile Include="..\net\EventLoopThread.cpp">
      <Filter>net</Filter>
    </ClCompile>
    <ClCompile Include="..\net\EventLoopThreadPool.cpp">
      <Filter>net</Filter>
    </ClCompile>
    <ClCompile Include="..\net\InetAddress.cpp">
      <Filter>net</Filter>
    </ClCompile>
    <ClCompile Include="..\net\Poller.cpp">
      <Filter>net</Filter>
    </ClCompile>
    <ClCompile Include="..\net\PollPoller.cpp">
      <Filter>net</Filter>
    </ClCompile>
    <ClCompile Include="..\net\ProtocolStream.cpp">
      <Filter>net</Filter>
    </ClCompile>
    <ClCompile Include="..\net\SelectPoller.cpp">
      <Filter>net</Filter>
    </ClCompile>
    <ClCompile Include="..\net\Sockets.cpp">
      <Filter>net</Filter>
    </ClCompile>
    <ClCompile Include="..\net\TcpClient.cpp">
      <Filter>net</Filter>
    </ClCompile>
    <ClCompile Include="..\net\TcpConnection.cpp">
      <Filter>net</Filter>
    </ClCompile>
    <ClCompile Include="..\net\TcpServer.cpp">
      <Filter>net</Filter>
    </ClCompile>
    <ClCompile Include="..\net\Timer.cpp">
      <Filter>net</Filter>
    </ClCompile>
    <ClCompile Include="..\net\TimerQueue.cpp">
      <Filter>net</Filter>
    </ClCompile>
    <ClCompile Include="..\base\AsyncLog.cpp">
      <Filter>base</Filter>
    </ClCompile>
    <ClCompile Include="..\base\ConfigFileReader.cpp">
      <Filter>base</Filter>
    </ClCompile>
    <ClCompile Include="..\base\CountDownLatch.cpp">
      <Filter>base</Filter>
    </ClCompile>
    <ClCompile Include="..\base\Platform.cpp">
      <Filter>base</Filter>
    </ClCompile>
    <ClCompile Include="..\base\Timestamp.cpp">
      <Filter>base</Filter>
    </ClCompile>
    <ClCompile Include="..\utils\DaemonRun.cpp">
      <Filter>utils</Filter>
    </ClCompile>
    <ClCompile Include="..\utils\MD5.cpp">
      <Filter>utils</Filter>
    </ClCompile>
    <ClCompile Include="..\utils\StringUtil.cpp">
      <Filter>utils</Filter>
    </ClCompile>
    <ClCompile Include="..\utils\URLEncodeUtil.cpp">
      <Filter>utils</Filter>
    </ClCompile>
    <ClCompile Include="..\fileserversrc\FileManager.cpp">
      <Filter>fileserversrc</Filter>
    </ClCompile>
    <ClCompile Include="..\fileserversrc\FileServer.cpp">
      <Filter>fileserversrc</Filter>
    </ClCompile>
    <ClCompile Include="..\fileserversrc\FileSession.cpp">
      <Filter>fileserversrc</Filter>
    </ClCompile>
    <ClCompile Include="..\fileserversrc\main.cpp">
      <Filter>fileserversrc</Filter>
    </ClCompile>
    <ClCompile Include="..\fileserversrc\TcpSession.cpp">
      <Filter>fileserversrc</Filter>
    </ClCompile>
    <ClCompile Include="..\utils\UUIDGenerator.cpp">
      <Filter>utils</Filter>
    </ClCompile>
    <ClCompile Include="..\net\ByteBuffer.cpp">
      <Filter>net</Filter>
    </ClCompile>
  </ItemGroup>
  <ItemGroup>
    <ClInclude Include="..\net\Acceptor.h">
      <Filter>net</Filter>
    </ClInclude>
    <ClInclude Include="..\net\Callbacks.h">
      <Filter>net</Filter>
    </ClInclude>
    <ClInclude Include="..\net\Channel.h">
      <Filter>net</Filter>
    </ClInclude>
    <ClInclude Include="..\net\Connector.h">
      <Filter>net</Filter>
    </ClInclude>
    <ClInclude Include="..\net\Endian.h">
      <Filter>net</Filter>
    </ClInclude>
    <ClInclude Include="..\net\EpollPoller.h">
      <Filter>net</Filter>
    </ClInclude>
    <ClInclude Include="..\net\EventLoop.h">
      <Filter>net</Filter>
    </ClInclude>
    <ClInclude Include="..\net\EventLoopThread.h">
      <Filter>net</Filter>
    </ClInclude>
    <ClInclude Include="..\net\EventLoopThreadPool.h">
      <Filter>net</Filter>
    </ClInclude>
    <ClInclude Include="..\net\InetAddress.h">
      <Filter>net</Filter>
    </ClInclude>
    <ClInclude Include="..\net\Poller.h">
      <Filter>net</Filter>
    </ClInclude>
    <ClInclude Include="..\net\PollPoller.h">
      <Filter>net</Filter>
    </ClInclude>
    <ClInclude Include="..\net\ProtocolStream.h">
      <Filter>net</Filter>
    </ClInclude>
    <ClInclude Include="..\net\SelectPoller.h">
      <Filter>net</Filter>
    </ClInclude>
    <ClInclude Include="..\net\Sockets.h">
      <Filter>net</Filter>
    </ClInclude>
    <ClInclude Include="..\net\TcpClient.h">
      <Filter>net</Filter>
    </ClInclude>
    <ClInclude Include="..\net\TcpConnection.h">
      <Filter>net</Filter>
    </ClInclude>
    <ClInclude Include="..\net\TcpServer.h">
      <Filter>net</Filter>
    </ClInclude>
    <ClInclude Include="..\net\Timer.h">
      <Filter>net</Filter>
    </ClInclude>
    <ClInclude Include="..\net\TimerId.h">
      <Filter>net</Filter>
    </ClInclude>
    <ClInclude Include="..\net\TimerQueue.h">
      <Filter>net</Filter>
    </ClInclude>
    <ClInclude Include="..\base\AsyncLog.h">
      <Filter>base</Filter>
    </ClInclude>
    <ClInclude Include="..\base\ConfigFileReader.h">
      <Filter>base</Filter>
    </ClInclude>
    <ClInclude Include="..\base\CountDownLatch.h">
      <Filter>base</Filter>
    </ClInclude>
    <ClInclude Include="..\base\Platform.h">
      <Filter>base</Filter>
    </ClInclude>
    <ClInclude Include="..\base\RAIIWrapper.h">
      <Filter>base</Filter>
    </ClInclude>
    <ClInclude Include="..\base\Singleton.h">
      <Filter>base</Filter>
    </ClInclude>
    <ClInclude Include="..\base\Timestamp.h">
      <Filter>base</Filter>
    </ClInclude>
    <ClInclude Include="..\utils\DaemonRun.h">
      <Filter>utils</Filter>
    </ClInclude>
    <ClInclude Include="..\utils\MD5.h">
      <Filter>utils</Filter>
    </ClInclude>
    <ClInclude Include="..\utils\StringUtil.h">
      <Filter>utils</Filter>
    </ClInclude>
    <ClInclude Include="..\utils\URLEncodeUtil.h">
      <Filter>utils</Filter>
    </ClInclude>
    <ClInclude Include="..\fileserversrc\FileManager.h">
      <Filter>fileserversrc</Filter>
    </ClInclude>
    <ClInclude Include="..\fileserversrc\FileMsg.h">
      <Filter>fileserversrc</Filter>
    </ClInclude>
    <ClInclude Include="..\fileserversrc\FileServer.h">
      <Filter>fileserversrc</Filter>
    </ClInclude>
    <ClInclude Include="..\fileserversrc\FileSession.h">
      <Filter>fileserversrc</Filter>
    </ClInclude>
    <ClInclude Include="..\fileserversrc\TcpSession.h">
      <Filter>fileserversrc</Filter>
    </ClInclude>
    <ClInclude Include="..\utils\UUIDGenerator.h">
      <Filter>utils</Filter>
    </ClInclude>
    <ClInclude Include="..\net\ByteBuffer.h">
      <Filter>net</Filter>
    </ClInclude>
  </ItemGroup>
</Project>