<?xml version="1.0" encoding="utf-8"?>
<Project ToolsVersion="4.0" xmlns="http://schemas.microsoft.com/developer/msbuild/2003">
  <ItemGroup>
    <Filter Include="Source Files">
      <UniqueIdentifier>{97956e48-f811-494f-b3a6-d78ebfc5e8da}</UniqueIdentifier>
      <Extensions>cpp;c;cxx;def;odl;idl;hpj;bat;asm</Extensions>
    </Filter>
    <Filter Include="Header Files">
      <UniqueIdentifier>{f5fce584-c6ae-46a8-ab4d-0a7853f305d5}</UniqueIdentifier>
      <Extensions>h;hpp;hxx;hm;inl;inc</Extensions>
    </Filter>
    <Filter Include="Resource Files">
      <UniqueIdentifier>{05e91e06-c603-4830-969f-b16ad0443ecc}</UniqueIdentifier>
      <Extensions>rc;ico;cur;bmp;dlg;rc2;rct;bin;rgs;jpg;jpeg;jpe;manifest</Extensions>
    </Filter>
    <Filter Include="Tasks">
      <UniqueIdentifier>{a6dfeba9-4778-4911-b052-62b6d6f4becb}</UniqueIdentifier>
    </Filter>
    <Filter Include="SkinLib">
      <UniqueIdentifier>{3aadaf93-5798-4d21-8658-b61883bcc1d2}</UniqueIdentifier>
    </Filter>
    <Filter Include="FakeData">
      <UniqueIdentifier>{5857eb0c-c7d4-458d-a39b-9c8beb27b29f}</UniqueIdentifier>
    </Filter>
    <Filter Include="UI">
      <UniqueIdentifier>{2f347aab-6a7a-4218-b0ed-b2c155e940d3}</UniqueIdentifier>
    </Filter>
    <Filter Include="Update">
      <UniqueIdentifier>{1586951a-712b-4a4a-a721-6e621f9d3d37}</UniqueIdentifier>
    </Filter>
    <Filter Include="Utils">
      <UniqueIdentifier>{6d66fb56-e28b-4d74-a98b-f1c59c202bc5}</UniqueIdentifier>
    </Filter>
    <Filter Include="UserData">
      <UniqueIdentifier>{7ca38362-fcba-4a1b-9da3-c131d63f71ff}</UniqueIdentifier>
    </Filter>
    <Filter Include="net">
      <UniqueIdentifier>{8f305d8c-8e77-47bb-bf54-76f0c041b365}</UniqueIdentifier>
    </Filter>
    <Filter Include="zlib1.2.11">
      <UniqueIdentifier>{c4c2b734-8fd0-42a6-8982-08f8bb358676}</UniqueIdentifier>
    </Filter>
    <Filter Include="RemoteDesktop">
      <UniqueIdentifier>{36daf5c6-5829-400c-bd90-74ada6dad94d}</UniqueIdentifier>
    </Filter>
    <Filter Include="jsoncpp-1.9.0">
      <UniqueIdentifier>{792883a9-fa67-41ef-94a4-302aba71f1ed}</UniqueIdentifier>
    </Filter>
  </ItemGroup>
  <ItemGroup>
    <ClCompile Include="CascadeWinManager.cpp">
      <Filter>Source Files</Filter>
    </ClCompile>
    <ClCompile Include="Crash.cpp">
      <Filter>Source Files</Filter>
    </ClCompile>
    <ClCompile Include="FaceList.cpp">
      <Filter>Source Files</Filter>
    </ClCompile>
    <ClCompile Include="GDIFactory.cpp">
      <Filter>Source Files</Filter>
    </ClCompile>
    <ClCompile Include="GifImage.cpp">
      <Filter>Source Files</Filter>
    </ClCompile>
    <ClCompile Include="ImageEx.cpp">
      <Filter>Source Files</Filter>
    </ClCompile>
    <ClCompile Include="LoginAccountList.cpp">
      <Filter>Source Files</Filter>
    </ClCompile>
    <ClCompile Include="MessageLogger.cpp">
      <Filter>Source Files</Filter>
    </ClCompile>
    <ClCompile Include="RichEditUtil.cpp">
      <Filter>Source Files</Filter>
    </ClCompile>
    <ClCompile Include="Startup.cpp">
      <Filter>Source Files</Filter>
    </ClCompile>
    <ClCompile Include="stdafx.cpp">
      <Filter>Source Files</Filter>
    </ClCompile>
    <ClCompile Include="XmlDocument.cpp">
      <Filter>Source Files</Filter>
    </ClCompile>
    <ClCompile Include="CheckNetworkStatusTask.cpp">
      <Filter>Tasks</Filter>
    </ClCompile>
    <ClCompile Include="HeartbeatTask.cpp">
      <Filter>Tasks</Filter>
    </ClCompile>
    <ClCompile Include="SkinLib\SkinButton.cpp">
      <Filter>SkinLib</Filter>
    </ClCompile>
    <ClCompile Include="SkinLib\SkinComboBox.cpp">
      <Filter>SkinLib</Filter>
    </ClCompile>
    <ClCompile Include="SkinLib\SkinDialog.cpp">
      <Filter>SkinLib</Filter>
    </ClCompile>
    <ClCompile Include="SkinLib\SkinEdit.cpp">
      <Filter>SkinLib</Filter>
    </ClCompile>
    <ClCompile Include="SkinLib\SkinHyperLink.cpp">
      <Filter>SkinLib</Filter>
    </ClCompile>
    <ClCompile Include="SkinLib\SkinListCtrl.cpp">
      <Filter>SkinLib</Filter>
    </ClCompile>
    <ClCompile Include="SkinLib\SkinManager.cpp">
      <Filter>SkinLib</Filter>
    </ClCompile>
    <ClCompile Include="SkinLib\SkinMenu.cpp">
      <Filter>SkinLib</Filter>
    </ClCompile>
    <ClCompile Include="SkinLib\SkinMessageBox.cpp">
      <Filter>SkinLib</Filter>
    </ClCompile>
    <ClCompile Include="SkinLib\SkinPictureBox.cpp">
      <Filter>SkinLib</Filter>
    </ClCompile>
    <ClCompile Include="SkinLib\SkinRichEdit.cpp">
      <Filter>SkinLib</Filter>
    </ClCompile>
    <ClCompile Include="SkinLib\SkinScrollBar.cpp">
      <Filter>SkinLib</Filter>
    </ClCompile>
    <ClCompile Include="SkinLib\SkinStatic.cpp">
      <Filter>SkinLib</Filter>
    </ClCompile>
    <ClCompile Include="SkinLib\SkinTabCtrl.cpp">
      <Filter>SkinLib</Filter>
    </ClCompile>
    <ClCompile Include="SkinLib\SkinToolBar.cpp">
      <Filter>SkinLib</Filter>
    </ClCompile>
    <ClCompile Include="AboutDlg.cpp">
      <Filter>UI</Filter>
    </ClCompile>
    <ClCompile Include="AddFriendConfirmDlg.cpp">
      <Filter>UI</Filter>
    </ClCompile>
    <ClCompile Include="BuddyChatDlg.cpp">
      <Filter>UI</Filter>
    </ClCompile>
    <ClCompile Include="BuddyInfoDlg.cpp">
      <Filter>UI</Filter>
    </ClCompile>
    <ClCompile Include="BuddyListCtrl.cpp">
      <Filter>UI</Filter>
    </ClCompile>
    <ClCompile Include="ChangePicHeadDlg.cpp">
      <Filter>UI</Filter>
    </ClCompile>
    <ClCompile Include="ChatDlgCommon.cpp">
      <Filter>UI</Filter>
    </ClCompile>
    <ClCompile Include="ChatTabMgr.cpp">
      <Filter>UI</Filter>
    </ClCompile>
    <ClCompile Include="ClosePromptDlg.cpp">
      <Filter>UI</Filter>
    </ClCompile>
    <ClCompile Include="CreateNewGroupDlg.cpp">
      <Filter>UI</Filter>
    </ClCompile>
    <ClCompile Include="FaceCtrl.cpp">
      <Filter>UI</Filter>
    </ClCompile>
    <ClCompile Include="FaceSelDlg.cpp">
      <Filter>UI</Filter>
    </ClCompile>
    <ClCompile Include="FileTransferCtrl.cpp">
      <Filter>UI</Filter>
    </ClCompile>
    <ClCompile Include="FindFriendDlg.cpp">
      <Filter>UI</Filter>
    </ClCompile>
    <ClCompile Include="FontSelDlg.cpp">
      <Filter>UI</Filter>
    </ClCompile>
    <ClCompile Include="GroupChatDlg.cpp">
      <Filter>UI</Filter>
    </ClCompile>
    <ClCompile Include="GroupInfoDlg.cpp">
      <Filter>UI</Filter>
    </ClCompile>
    <ClCompile Include="LoginDlg.cpp">
      <Filter>UI</Filter>
    </ClCompile>
    <ClCompile Include="LoginSettingsDlg.cpp">
      <Filter>UI</Filter>
    </ClCompile>
    <ClCompile Include="LogonUserInfoDlg.cpp">
      <Filter>UI</Filter>
    </ClCompile>
    <ClCompile Include="MainDlg.cpp">
      <Filter>UI</Filter>
    </ClCompile>
    <ClCompile Include="MobileStatusDlg.cpp">
      <Filter>UI</Filter>
    </ClCompile>
    <ClCompile Include="ModifyMarkNameDlg.cpp">
      <Filter>UI</Filter>
    </ClCompile>
    <ClCompile Include="ModifyPasswordDlg.cpp">
      <Filter>UI</Filter>
    </ClCompile>
    <ClCompile Include="MsgTipDlg.cpp">
      <Filter>UI</Filter>
    </ClCompile>
    <ClCompile Include="MultiChatDlg.cpp">
      <Filter>UI</Filter>
    </ClCompile>
    <ClCompile Include="MultiChatMemberSelectionDlg.cpp">
      <Filter>UI</Filter>
    </ClCompile>
    <ClCompile Include="PicBarDlg.cpp">
      <Filter>UI</Filter>
    </ClCompile>
    <ClCompile Include="RecentListCtrl.cpp">
      <Filter>UI</Filter>
    </ClCompile>
    <ClCompile Include="RegisterDialog.cpp">
      <Filter>UI</Filter>
    </ClCompile>
    <ClCompile Include="SessChatDlg.cpp">
      <Filter>UI</Filter>
    </ClCompile>
    <ClCompile Include="SplitterCtrl.cpp">
      <Filter>UI</Filter>
    </ClCompile>
    <ClCompile Include="SystemSettingDlg.cpp">
      <Filter>UI</Filter>
    </ClCompile>
    <ClCompile Include="TeamDlg.cpp">
      <Filter>UI</Filter>
    </ClCompile>
    <ClCompile Include="UpdateDlg.cpp">
      <Filter>UI</Filter>
    </ClCompile>
    <ClCompile Include="UserSnapInfoDlg.cpp">
      <Filter>UI</Filter>
    </ClCompile>
    <ClCompile Include="Updater.cpp">
      <Filter>Update</Filter>
    </ClCompile>
    <ClCompile Include="UserConfig.cpp">
      <Filter>UserData</Filter>
    </ClCompile>
    <ClCompile Include="Thread.cpp">
      <Filter>Tasks</Filter>
    </ClCompile>
    <ClCompile Include="RecvMsgThread.cpp">
      <Filter>Tasks</Filter>
    </ClCompile>
    <ClCompile Include="SendMsgThread.cpp">
      <Filter>Tasks</Filter>
    </ClCompile>
    <ClCompile Include="ThreadPool.cpp">
      <Filter>Tasks</Filter>
    </ClCompile>
    <ClCompile Include="net\IUProtocolData.cpp">
      <Filter>net</Filter>
    </ClCompile>
    <ClCompile Include="net\IUSocket.cpp">
      <Filter>net</Filter>
    </ClCompile>
    <ClCompile Include="net\protocolstream.cpp">
      <Filter>net</Filter>
    </ClCompile>
    <ClCompile Include="UserSessionData.cpp">
      <Filter>UserData</Filter>
    </ClCompile>
    <ClCompile Include="UserMgr.cpp">
      <Filter>UserData</Filter>
    </ClCompile>
    <ClCompile Include="FlamingoClient.cpp">
      <Filter>UserData</Filter>
    </ClCompile>
    <ClCompile Include="ImageTaskThread.cpp">
      <Filter>Tasks</Filter>
    </ClCompile>
    <ClCompile Include="FileTaskThread.cpp">
      <Filter>Tasks</Filter>
    </ClCompile>
    <ClCompile Include="SkinLib\SkinWebBrowser.cpp">
      <Filter>SkinLib</Filter>
    </ClCompile>
    <ClCompile Include="RemoteDesktopDlg.cpp">
      <Filter>UI</Filter>
    </ClCompile>
    <ClCompile Include="CriticalSection.cpp">
      <Filter>Utils</Filter>
    </ClCompile>
    <ClCompile Include="EncodingUtil.cpp">
      <Filter>Utils</Filter>
    </ClCompile>
    <ClCompile Include="File.cpp">
      <Filter>Utils</Filter>
    </ClCompile>
    <ClCompile Include="File2.cpp">
      <Filter>Utils</Filter>
    </ClCompile>
    <ClCompile Include="IniFile.cpp">
      <Filter>Utils</Filter>
    </ClCompile>
    <ClCompile Include="IULog.cpp">
      <Filter>Utils</Filter>
    </ClCompile>
    <ClCompile Include="MD5.cpp">
      <Filter>Utils</Filter>
    </ClCompile>
    <ClCompile Include="MD5Sum.cpp">
      <Filter>Utils</Filter>
    </ClCompile>
    <ClCompile Include="MinuBuffer.cpp">
      <Filter>Utils</Filter>
    </ClCompile>
    <ClCompile Include="Utils.cpp">
      <Filter>Utils</Filter>
    </ClCompile>
    <ClCompile Include="Time.cpp">
      <Filter>Utils</Filter>
    </ClCompile>
    <ClCompile Include="Buffer.cpp">
      <Filter>Utils</Filter>
    </ClCompile>
    <ClCompile Include="Path.cpp">
      <Filter>Utils</Filter>
    </ClCompile>
    <ClCompile Include="TrayIcon.cpp">
      <Filter>Tasks</Filter>
    </ClCompile>
    <ClCompile Include="BuddyInfoFloatWnd.cpp">
      <Filter>UI</Filter>
    </ClCompile>
    <ClCompile Include="PerformanceCounter.cpp">
      <Filter>Utils</Filter>
    </ClCompile>
    <ClCompile Include="zlib1.2.11\adler32.c">
      <Filter>zlib1.2.11</Filter>
    </ClCompile>
    <ClCompile Include="zlib1.2.11\compress.c">
      <Filter>zlib1.2.11</Filter>
    </ClCompile>
    <ClCompile Include="zlib1.2.11\crc32.c">
      <Filter>zlib1.2.11</Filter>
    </ClCompile>
    <ClCompile Include="zlib1.2.11\deflate.c">
      <Filter>zlib1.2.11</Filter>
    </ClCompile>
    <ClCompile Include="zlib1.2.11\gzclose.c">
      <Filter>zlib1.2.11</Filter>
    </ClCompile>
    <ClCompile Include="zlib1.2.11\gzlib.c">
      <Filter>zlib1.2.11</Filter>
    </ClCompile>
    <ClCompile Include="zlib1.2.11\gzread.c">
      <Filter>zlib1.2.11</Filter>
    </ClCompile>
    <ClCompile Include="zlib1.2.11\gzwrite.c">
      <Filter>zlib1.2.11</Filter>
    </ClCompile>
    <ClCompile Include="zlib1.2.11\infback.c">
      <Filter>zlib1.2.11</Filter>
    </ClCompile>
    <ClCompile Include="zlib1.2.11\inffast.c">
      <Filter>zlib1.2.11</Filter>
    </ClCompile>
    <ClCompile Include="zlib1.2.11\inflate.c">
      <Filter>zlib1.2.11</Filter>
    </ClCompile>
    <ClCompile Include="zlib1.2.11\inftrees.c">
      <Filter>zlib1.2.11</Filter>
    </ClCompile>
    <ClCompile Include="zlib1.2.11\trees.c">
      <Filter>zlib1.2.11</Filter>
    </ClCompile>
    <ClCompile Include="zlib1.2.11\uncompr.c">
      <Filter>zlib1.2.11</Filter>
    </ClCompile>
    <ClCompile Include="zlib1.2.11\zutil.c">
      <Filter>zlib1.2.11</Filter>
    </ClCompile>
    <ClCompile Include="zlib1.2.11\zlibdemo.c">
      <Filter>zlib1.2.11</Filter>
    </ClCompile>
    <ClCompile Include="ZlibUtil.cpp">
      <Filter>Utils</Filter>
    </ClCompile>
    <ClCompile Include="RemoteDesktop\ScreenManager.cpp">
      <Filter>RemoteDesktop</Filter>
    </ClCompile>
    <ClCompile Include="RemoteDesktop\ScreenSpy.cpp">
      <Filter>RemoteDesktop</Filter>
    </ClCompile>
    <ClCompile Include="RemoteDesktop\until.cpp">
      <Filter>RemoteDesktop</Filter>
    </ClCompile>
    <ClCompile Include="jsoncpp-1.9.0\json_reader.cpp">
      <Filter>jsoncpp-1.9.0</Filter>
    </ClCompile>
    <ClCompile Include="jsoncpp-1.9.0\json_value.cpp">
      <Filter>jsoncpp-1.9.0</Filter>
    </ClCompile>
    <ClCompile Include="jsoncpp-1.9.0\json_writer.cpp">
      <Filter>jsoncpp-1.9.0</Filter>
    </ClCompile>
  </ItemGroup>
  <ItemGroup>
    <ClInclude Include="CheckNetworkStatusTask.h">
      <Filter>Tasks</Filter>
    </ClInclude>
    <ClInclude Include="HeartbeatTask.h">
      <Filter>Tasks</Filter>
    </ClInclude>
    <ClInclude Include="SkinLib\SkinButton.h">
      <Filter>SkinLib</Filter>
    </ClInclude>
    <ClInclude Include="SkinLib\SkinComboBox.h">
      <Filter>SkinLib</Filter>
    </ClInclude>
    <ClInclude Include="SkinLib\SkinDialog.h">
      <Filter>SkinLib</Filter>
    </ClInclude>
    <ClInclude Include="SkinLib\SkinEdit.h">
      <Filter>SkinLib</Filter>
    </ClInclude>
    <ClInclude Include="SkinLib\SkinHyperLink.h">
      <Filter>SkinLib</Filter>
    </ClInclude>
    <ClInclude Include="SkinLib\SkinLib.h">
      <Filter>SkinLib</Filter>
    </ClInclude>
    <ClInclude Include="SkinLib\SkinListCtrl.h">
      <Filter>SkinLib</Filter>
    </ClInclude>
    <ClInclude Include="SkinLib\SkinManager.h">
      <Filter>SkinLib</Filter>
    </ClInclude>
    <ClInclude Include="SkinLib\SkinMenu.h">
      <Filter>SkinLib</Filter>
    </ClInclude>
    <ClInclude Include="SkinLib\SkinMessageBox.h">
      <Filter>SkinLib</Filter>
    </ClInclude>
    <ClInclude Include="SkinLib\SkinPictureBox.h">
      <Filter>SkinLib</Filter>
    </ClInclude>
    <ClInclude Include="SkinLib\SkinRichEdit.h">
      <Filter>SkinLib</Filter>
    </ClInclude>
    <ClInclude Include="SkinLib\SkinScrollBar.h">
      <Filter>SkinLib</Filter>
    </ClInclude>
    <ClInclude Include="SkinLib\SkinStatic.h">
      <Filter>SkinLib</Filter>
    </ClInclude>
    <ClInclude Include="SkinLib\SkinTabCtrl.h">
      <Filter>SkinLib</Filter>
    </ClInclude>
    <ClInclude Include="SkinLib\SkinToolBar.h">
      <Filter>SkinLib</Filter>
    </ClInclude>
    <ClInclude Include="FakeData.h">
      <Filter>FakeData</Filter>
    </ClInclude>
    <ClInclude Include="AboutDlg.h">
      <Filter>UI</Filter>
    </ClInclude>
    <ClInclude Include="AddFriendConfirmDlg.h">
      <Filter>UI</Filter>
    </ClInclude>
    <ClInclude Include="BuddyChatDlg.h">
      <Filter>UI</Filter>
    </ClInclude>
    <ClInclude Include="BuddyInfoDlg.h">
      <Filter>UI</Filter>
    </ClInclude>
    <ClInclude Include="BuddyListCtrl.h">
      <Filter>UI</Filter>
    </ClInclude>
    <ClInclude Include="ChangePicHeadDlg.h">
      <Filter>UI</Filter>
    </ClInclude>
    <ClInclude Include="ChatDlgCommon.h">
      <Filter>UI</Filter>
    </ClInclude>
    <ClInclude Include="ChatTabMgr.h">
      <Filter>UI</Filter>
    </ClInclude>
    <ClInclude Include="ClosePromptDlg.h">
      <Filter>UI</Filter>
    </ClInclude>
    <ClInclude Include="CreateNewGroupDlg.h">
      <Filter>UI</Filter>
    </ClInclude>
    <ClInclude Include="FaceCtrl.h">
      <Filter>UI</Filter>
    </ClInclude>
    <ClInclude Include="FaceSelDlg.h">
      <Filter>UI</Filter>
    </ClInclude>
    <ClInclude Include="FileTransferCtrl.h">
      <Filter>UI</Filter>
    </ClInclude>
    <ClInclude Include="FindFriendDlg.h">
      <Filter>UI</Filter>
    </ClInclude>
    <ClInclude Include="FontSelDlg.h">
      <Filter>UI</Filter>
    </ClInclude>
    <ClInclude Include="GroupChatDlg.h">
      <Filter>UI</Filter>
    </ClInclude>
    <ClInclude Include="GroupInfoDlg.h">
      <Filter>UI</Filter>
    </ClInclude>
    <ClInclude Include="LoginDlg.h">
      <Filter>UI</Filter>
    </ClInclude>
    <ClInclude Include="LoginSettingsDlg.h">
      <Filter>UI</Filter>
    </ClInclude>
    <ClInclude Include="LogonUserInfoDlg.h">
      <Filter>UI</Filter>
    </ClInclude>
    <ClInclude Include="MainDlg.h">
      <Filter>UI</Filter>
    </ClInclude>
    <ClInclude Include="MobileStatusDlg.h">
      <Filter>UI</Filter>
    </ClInclude>
    <ClInclude Include="ModifyMarkNameDlg.h">
      <Filter>UI</Filter>
    </ClInclude>
    <ClInclude Include="ModifyPasswordDlg.h">
      <Filter>UI</Filter>
    </ClInclude>
    <ClInclude Include="MsgTipDlg.h">
      <Filter>UI</Filter>
    </ClInclude>
    <ClInclude Include="MultiChatDlg.h">
      <Filter>UI</Filter>
    </ClInclude>
    <ClInclude Include="MultiChatMemberSelectionDlg.h">
      <Filter>UI</Filter>
    </ClInclude>
    <ClInclude Include="PicBarDlg.h">
      <Filter>UI</Filter>
    </ClInclude>
    <ClInclude Include="RecentListCtrl.h">
      <Filter>UI</Filter>
    </ClInclude>
    <ClInclude Include="RegisterDialog.h">
      <Filter>UI</Filter>
    </ClInclude>
    <ClInclude Include="SessChatDlg.h">
      <Filter>UI</Filter>
    </ClInclude>
    <ClInclude Include="SplitterCtrl.h">
      <Filter>UI</Filter>
    </ClInclude>
    <ClInclude Include="SystemSettingDlg.h">
      <Filter>UI</Filter>
    </ClInclude>
    <ClInclude Include="TeamDlg.h">
      <Filter>UI</Filter>
    </ClInclude>
    <ClInclude Include="UpdateDlg.h">
      <Filter>UI</Filter>
    </ClInclude>
    <ClInclude Include="UserSnapInfoDlg.h">
      <Filter>UI</Filter>
    </ClInclude>
    <ClInclude Include="Updater.h">
      <Filter>Update</Filter>
    </ClInclude>
    <ClInclude Include="UserConfig.h">
      <Filter>UserData</Filter>
    </ClInclude>
    <ClInclude Include="Thread.h">
      <Filter>Tasks</Filter>
    </ClInclude>
    <ClInclude Include="RecvMsgThread.h">
      <Filter>Tasks</Filter>
    </ClInclude>
    <ClInclude Include="SendMsgThread.h">
      <Filter>Tasks</Filter>
    </ClInclude>
    <ClInclude Include="ThreadPool.h">
      <Filter>Tasks</Filter>
    </ClInclude>
    <ClInclude Include="net\FileMsg.h">
      <Filter>net</Filter>
    </ClInclude>
    <ClInclude Include="net\IUProtocolData.h">
      <Filter>net</Filter>
    </ClInclude>
    <ClInclude Include="net\IUSocket.h">
      <Filter>net</Filter>
    </ClInclude>
    <ClInclude Include="net\Msg.h">
      <Filter>net</Filter>
    </ClInclude>
    <ClInclude Include="net\protocolstream.h">
      <Filter>net</Filter>
    </ClInclude>
    <ClInclude Include="UserSessionData.h">
      <Filter>UserData</Filter>
    </ClInclude>
    <ClInclude Include="UserMgr.h">
      <Filter>UserData</Filter>
    </ClInclude>
    <ClInclude Include="FlamingoClient.h">
      <Filter>UserData</Filter>
    </ClInclude>
    <ClInclude Include="ImageTaskThread.h">
      <Filter>Tasks</Filter>
    </ClInclude>
    <ClInclude Include="FileTaskThread.h">
      <Filter>Tasks</Filter>
    </ClInclude>
    <ClInclude Include="SkinLib\SkinWebBrowser.h">
      <Filter>SkinLib</Filter>
    </ClInclude>
    <ClInclude Include="RemoteDesktopDlg.h">
      <Filter>UI</Filter>
    </ClInclude>
    <ClInclude Include="CriticalSection.h">
      <Filter>Utils</Filter>
    </ClInclude>
    <ClInclude Include="EncodingUtil.h">
      <Filter>Utils</Filter>
    </ClInclude>
    <ClInclude Include="File.h">
      <Filter>Utils</Filter>
    </ClInclude>
    <ClInclude Include="File2.h">
      <Filter>Utils</Filter>
    </ClInclude>
    <ClInclude Include="IniFile.h">
      <Filter>Utils</Filter>
    </ClInclude>
    <ClInclude Include="IULog.h">
      <Filter>Utils</Filter>
    </ClInclude>
    <ClInclude Include="MD5.h">
      <Filter>Utils</Filter>
    </ClInclude>
    <ClInclude Include="MD5Sum.h">
      <Filter>Utils</Filter>
    </ClInclude>
    <ClInclude Include="MiniBuffer.h">
      <Filter>Utils</Filter>
    </ClInclude>
    <ClInclude Include="Utils.h">
      <Filter>Utils</Filter>
    </ClInclude>
    <ClInclude Include="Time.h">
      <Filter>Utils</Filter>
    </ClInclude>
    <ClInclude Include="Buffer.h">
      <Filter>Utils</Filter>
    </ClInclude>
    <ClInclude Include="Path.h">
      <Filter>Utils</Filter>
    </ClInclude>
    <ClInclude Include="CascadeWinManager.h">
      <Filter>Source Files</Filter>
    </ClInclude>
    <ClInclude Include="CustomMsgDef.h">
      <Filter>Source Files</Filter>
    </ClInclude>
    <ClInclude Include="DstVersion.h">
      <Filter>Source Files</Filter>
    </ClInclude>
    <ClInclude Include="FaceList.h">
      <Filter>Source Files</Filter>
    </ClInclude>
    <ClInclude Include="GDIFactory.h">
      <Filter>Source Files</Filter>
    </ClInclude>
    <ClInclude Include="GifImage.h">
      <Filter>Source Files</Filter>
    </ClInclude>
    <ClInclude Include="IImageOle.h">
      <Filter>Source Files</Filter>
    </ClInclude>
    <ClInclude Include="ImageEx.h">
      <Filter>Source Files</Filter>
    </ClInclude>
    <ClInclude Include="LoginAccountList.h">
      <Filter>Source Files</Filter>
    </ClInclude>
    <ClInclude Include="MessageLogger.h">
      <Filter>Source Files</Filter>
    </ClInclude>
    <ClInclude Include="resource.h">
      <Filter>Source Files</Filter>
    </ClInclude>
    <ClInclude Include="RichEditUtil.h">
      <Filter>Source Files</Filter>
    </ClInclude>
    <ClInclude Include="SQLite 3.7.17\sqlite3.h">
      <Filter>Source Files</Filter>
    </ClInclude>
    <ClInclude Include="SrcVersion.h">
      <Filter>Source Files</Filter>
    </ClInclude>
    <ClInclude Include="Startup.h">
      <Filter>Source Files</Filter>
    </ClInclude>
    <ClInclude Include="stdafx.h">
      <Filter>Source Files</Filter>
    </ClInclude>
    <ClInclude Include="XmlDocument.h">
      <Filter>Source Files</Filter>
    </ClInclude>
    <ClInclude Include="BuddyInfoFloatWnd.h">
      <Filter>UI</Filter>
    </ClInclude>
    <ClInclude Include="UIText.h">
      <Filter>UI</Filter>
    </ClInclude>
    <ClInclude Include="TrayIcon.h">
      <Filter>Tasks</Filter>
    </ClInclude>
    <ClInclude Include="PerformanceCounter.h">
      <Filter>Utils</Filter>
    </ClInclude>
    <ClInclude Include="zlib1.2.11\crc32.h">
      <Filter>zlib1.2.11</Filter>
    </ClInclude>
    <ClInclude Include="zlib1.2.11\deflate.h">
      <Filter>zlib1.2.11</Filter>
    </ClInclude>
    <ClInclude Include="zlib1.2.11\gzguts.h">
      <Filter>zlib1.2.11</Filter>
    </ClInclude>
    <ClInclude Include="zlib1.2.11\inffast.h">
      <Filter>zlib1.2.11</Filter>
    </ClInclude>
    <ClInclude Include="zlib1.2.11\inffixed.h">
      <Filter>zlib1.2.11</Filter>
    </ClInclude>
    <ClInclude Include="zlib1.2.11\inflate.h">
      <Filter>zlib1.2.11</Filter>
    </ClInclude>
    <ClInclude Include="zlib1.2.11\inftrees.h">
      <Filter>zlib1.2.11</Filter>
    </ClInclude>
    <ClInclude Include="zlib1.2.11\trees.h">
      <Filter>zlib1.2.11</Filter>
    </ClInclude>
    <ClInclude Include="zlib1.2.11\zconf.h">
      <Filter>zlib1.2.11</Filter>
    </ClInclude>
    <ClInclude Include="zlib1.2.11\zlib.h">
      <Filter>zlib1.2.11</Filter>
    </ClInclude>
    <ClInclude Include="zlib1.2.11\zutil.h">
      <Filter>zlib1.2.11</Filter>
    </ClInclude>
    <ClInclude Include="ZlibUtil.h">
      <Filter>Utils</Filter>
    </ClInclude>
    <ClInclude Include="RemoteDesktop\ScreenManager.h">
      <Filter>RemoteDesktop</Filter>
    </ClInclude>
    <ClInclude Include="RemoteDesktop\ScreenSpy.h">
      <Filter>RemoteDesktop</Filter>
    </ClInclude>
    <ClInclude Include="RemoteDesktop\CursorInfo.h">
      <Filter>RemoteDesktop</Filter>
    </ClInclude>
    <ClInclude Include="RemoteDesktop\until.h">
      <Filter>RemoteDesktop</Filter>
    </ClInclude>
    <ClInclude Include="jsoncpp-1.9.0\allocator.h">
      <Filter>jsoncpp-1.9.0</Filter>
    </ClInclude>
    <ClInclude Include="jsoncpp-1.9.0\assertions.h">
      <Filter>jsoncpp-1.9.0</Filter>
    </ClInclude>
    <ClInclude Include="jsoncpp-1.9.0\autolink.h">
      <Filter>jsoncpp-1.9.0</Filter>
    </ClInclude>
    <ClInclude Include="jsoncpp-1.9.0\config.h">
      <Filter>jsoncpp-1.9.0</Filter>
    </ClInclude>
    <ClInclude Include="jsoncpp-1.9.0\features.h">
      <Filter>jsoncpp-1.9.0</Filter>
    </ClInclude>
    <ClInclude Include="jsoncpp-1.9.0\forwards.h">
      <Filter>jsoncpp-1.9.0</Filter>
    </ClInclude>
    <ClInclude Include="jsoncpp-1.9.0\json.h">
      <Filter>jsoncpp-1.9.0</Filter>
    </ClInclude>
    <ClInclude Include="jsoncpp-1.9.0\json_tool.h">
      <Filter>jsoncpp-1.9.0</Filter>
    </ClInclude>
    <ClInclude Include="jsoncpp-1.9.0\reader.h">
      <Filter>jsoncpp-1.9.0</Filter>
    </ClInclude>
    <ClInclude Include="jsoncpp-1.9.0\value.h">
      <Filter>jsoncpp-1.9.0</Filter>
    </ClInclude>
    <ClInclude Include="jsoncpp-1.9.0\version.h">
      <Filter>jsoncpp-1.9.0</Filter>
    </ClInclude>
    <ClInclude Include="jsoncpp-1.9.0\writer.h">
      <Filter>jsoncpp-1.9.0</Filter>
    </ClInclude>
  </ItemGroup>
  <ItemGroup>
    <Image Include="res\100.ico">
      <Filter>Resource Files</Filter>
    </Image>
    <Image Include="res\BCF_Title16.ico">
      <Filter>Resource Files</Filter>
    </Image>
    <Image Include="res\BCF_Title32.ico">
      <Filter>Resource Files</Filter>
    </Image>
    <Image Include="res\Group16.ico">
      <Filter>Resource Files</Filter>
    </Image>
    <Image Include="res\Group32.ico">
      <Filter>Resource Files</Filter>
    </Image>
    <Image Include="res\icon1.ico">
      <Filter>Resource Files</Filter>
    </Image>
    <Image Include="res\Multi16.ico">
      <Filter>Resource Files</Filter>
    </Image>
    <Image Include="res\Multi32.ico">
      <Filter>Resource Files</Filter>
    </Image>
    <Image Include="res\sys.ico">
      <Filter>Resource Files</Filter>
    </Image>
    <Image Include="res\flamingo.ico">
      <Filter>Resource Files</Filter>
    </Image>
  </ItemGroup>
  <ItemGroup>
    <ResourceCompile Include="flamingo.rc">
      <Filter>Resource Files</Filter>
    </ResourceCompile>
  </ItemGroup>
  <ItemGroup>
    <Text Include="zlib1.2.11\文件概览.txt">
      <Filter>zlib1.2.11</Filter>
    </Text>
  </ItemGroup>
  <ItemGroup>
    <None Include="jsoncpp-1.9.0\json_valueiterator.inl">
      <Filter>jsoncpp-1.9.0</Filter>
    </None>
  </ItemGroup>
</Project>